// !$*UTF8*$!
{
	archiveVersion = 1;
	classes = {
	};
	objectVersion = 51;
	objects = {

/* Begin PBXBuildFile section */
		25AE4B236A933F06607F7C68 /* Pods_NeteaseMusic_Comment.framework in Frameworks */ = {isa = PBXBuildFile; fileRef = 6A4157C3F0A39F923E3AF001 /* Pods_NeteaseMusic_Comment.framework */; };
		54FEEFE424ADCE2D00ED97F4 /* AppDelegate.swift in Sources */ = {isa = PBXBuildFile; fileRef = 54FEEFE324ADCE2D00ED97F4 /* AppDelegate.swift */; };
		54FEEFEE24ADCE2D00ED97F4 /* NeteaseMusic_Comment.xcdatamodeld in Sources */ = {isa = PBXBuildFile; fileRef = 54FEEFEC24ADCE2D00ED97F4 /* NeteaseMusic_Comment.xcdatamodeld */; };
		54FEEFF024ADCE2E00ED97F4 /* Assets.xcassets in Resources */ = {isa = PBXBuildFile; fileRef = 54FEEFEF24ADCE2E00ED97F4 /* Assets.xcassets */; };
		54FEEFFE24ADCE2E00ED97F4 /* NeteaseMusic_CommentTests.swift in Sources */ = {isa = PBXBuildFile; fileRef = 54FEEFFD24ADCE2E00ED97F4 /* NeteaseMusic_CommentTests.swift */; };
		54FEF00924ADCE2E00ED97F4 /* NeteaseMusic_CommentUITests.swift in Sources */ = {isa = PBXBuildFile; fileRef = 54FEF00824ADCE2E00ED97F4 /* NeteaseMusic_CommentUITests.swift */; };
		54FEF01724ADCE5E00ED97F4 /* HomeViewController.swift in Sources */ = {isa = PBXBuildFile; fileRef = 54FEF01624ADCE5E00ED97F4 /* HomeViewController.swift */; };
		54FEF01924ADCF0700ED97F4 /* Launch Screen.storyboard in Resources */ = {isa = PBXBuildFile; fileRef = 54FEF01824ADCF0700ED97F4 /* Launch Screen.storyboard */; };
		54FEF01B24ADD21A00ED97F4 /* HomeView.swift in Sources */ = {isa = PBXBuildFile; fileRef = 54FEF01A24ADD21A00ED97F4 /* HomeView.swift */; };
		BF407ABC8D7DBB84510C44E0 /* Pods_NeteaseMusic_CommentTests.framework in Frameworks */ = {isa = PBXBuildFile; fileRef = 2564056C270DEB8BAF111509 /* Pods_NeteaseMusic_CommentTests.framework */; };
		C81C1AAE21EBC542E20BBAAA /* Pods_NeteaseMusic_CommentUITests.framework in Frameworks */ = {isa = PBXBuildFile; fileRef = B99D8DD98EC441BCAFF8C9A3 /* Pods_NeteaseMusic_CommentUITests.framework */; };
/* End PBXBuildFile section */

/* Begin PBXContainerItemProxy section */
		54FEEFFA24ADCE2E00ED97F4 /* PBXContainerItemProxy */ = {
			isa = PBXContainerItemProxy;
			containerPortal = 54FEEFD824ADCE2D00ED97F4 /* Project object */;
			proxyType = 1;
			remoteGlobalIDString = 54FEEFDF24ADCE2D00ED97F4;
			remoteInfo = "NeteaseMusic Comment";
		};
		54FEF00524ADCE2E00ED97F4 /* PBXContainerItemProxy */ = {
			isa = PBXContainerItemProxy;
			containerPortal = 54FEEFD824ADCE2D00ED97F4 /* Project object */;
			proxyType = 1;
			remoteGlobalIDString = 54FEEFDF24ADCE2D00ED97F4;
			remoteInfo = "NeteaseMusic Comment";
		};
/* End PBXContainerItemProxy section */

/* Begin PBXFileReference section */
		1A33D495A8A83A78BB851919 /* Pods-NeteaseMusic Comment.debug.xcconfig */ = {isa = PBXFileReference; includeInIndex = 1; lastKnownFileType = text.xcconfig; name = "Pods-NeteaseMusic Comment.debug.xcconfig"; path = "Target Support Files/Pods-NeteaseMusic Comment/Pods-NeteaseMusic Comment.debug.xcconfig"; sourceTree = "<group>"; };
		2564056C270DEB8BAF111509 /* Pods_NeteaseMusic_CommentTests.framework */ = {isa = PBXFileReference; explicitFileType = wrapper.framework; includeInIndex = 0; path = Pods_NeteaseMusic_CommentTests.framework; sourceTree = BUILT_PRODUCTS_DIR; };
		383905E7C1EC10B5B35A7C26 /* Pods-NeteaseMusic Comment.release.xcconfig */ = {isa = PBXFileReference; includeInIndex = 1; lastKnownFileType = text.xcconfig; name = "Pods-NeteaseMusic Comment.release.xcconfig"; path = "Target Support Files/Pods-NeteaseMusic Comment/Pods-NeteaseMusic Comment.release.xcconfig"; sourceTree = "<group>"; };
		3B5A4FFC437FDC3461D309E1 /* Pods-NeteaseMusic CommentTests.release.xcconfig */ = {isa = PBXFileReference; includeInIndex = 1; lastKnownFileType = text.xcconfig; name = "Pods-NeteaseMusic CommentTests.release.xcconfig"; path = "Target Support Files/Pods-NeteaseMusic CommentTests/Pods-NeteaseMusic CommentTests.release.xcconfig"; sourceTree = "<group>"; };
		54FEEFE024ADCE2D00ED97F4 /* NeteaseMusic Comment.app */ = {isa = PBXFileReference; explicitFileType = wrapper.application; includeInIndex = 0; path = "NeteaseMusic Comment.app"; sourceTree = BUILT_PRODUCTS_DIR; };
		54FEEFE324ADCE2D00ED97F4 /* AppDelegate.swift */ = {isa = PBXFileReference; lastKnownFileType = sourcecode.swift; path = AppDelegate.swift; sourceTree = "<group>"; };
		54FEEFED24ADCE2D00ED97F4 /* NeteaseMusic_Comment.xcdatamodel */ = {isa = PBXFileReference; lastKnownFileType = wrapper.xcdatamodel; path = NeteaseMusic_Comment.xcdatamodel; sourceTree = "<group>"; };
		54FEEFEF24ADCE2E00ED97F4 /* Assets.xcassets */ = {isa = PBXFileReference; lastKnownFileType = folder.assetcatalog; path = Assets.xcassets; sourceTree = "<group>"; };
		54FEEFF424ADCE2E00ED97F4 /* Info.plist */ = {isa = PBXFileReference; lastKnownFileType = text.plist.xml; path = Info.plist; sourceTree = "<group>"; };
		54FEEFF924ADCE2E00ED97F4 /* NeteaseMusic CommentTests.xctest */ = {isa = PBXFileReference; explicitFileType = wrapper.cfbundle; includeInIndex = 0; path = "NeteaseMusic CommentTests.xctest"; sourceTree = BUILT_PRODUCTS_DIR; };
		54FEEFFD24ADCE2E00ED97F4 /* NeteaseMusic_CommentTests.swift */ = {isa = PBXFileReference; lastKnownFileType = sourcecode.swift; path = NeteaseMusic_CommentTests.swift; sourceTree = "<group>"; };
		54FEEFFF24ADCE2E00ED97F4 /* Info.plist */ = {isa = PBXFileReference; lastKnownFileType = text.plist.xml; path = Info.plist; sourceTree = "<group>"; };
		54FEF00424ADCE2E00ED97F4 /* NeteaseMusic CommentUITests.xctest */ = {isa = PBXFileReference; explicitFileType = wrapper.cfbundle; includeInIndex = 0; path = "NeteaseMusic CommentUITests.xctest"; sourceTree = BUILT_PRODUCTS_DIR; };
		54FEF00824ADCE2E00ED97F4 /* NeteaseMusic_CommentUITests.swift */ = {isa = PBXFileReference; lastKnownFileType = sourcecode.swift; path = NeteaseMusic_CommentUITests.swift; sourceTree = "<group>"; };
		54FEF00A24ADCE2E00ED97F4 /* Info.plist */ = {isa = PBXFileReference; lastKnownFileType = text.plist.xml; path = Info.plist; sourceTree = "<group>"; };
		54FEF01624ADCE5E00ED97F4 /* HomeViewController.swift */ = {isa = PBXFileReference; lastKnownFileType = sourcecode.swift; path = HomeViewController.swift; sourceTree = "<group>"; };
		54FEF01824ADCF0700ED97F4 /* Launch Screen.storyboard */ = {isa = PBXFileReference; lastKnownFileType = file.storyboard; path = "Launch Screen.storyboard"; sourceTree = "<group>"; };
		54FEF01A24ADD21A00ED97F4 /* HomeView.swift */ = {isa = PBXFileReference; lastKnownFileType = sourcecode.swift; path = HomeView.swift; sourceTree = "<group>"; };
		59BF947A65614C3B03A482DF /* Pods-NeteaseMusic CommentUITests.release.xcconfig */ = {isa = PBXFileReference; includeInIndex = 1; lastKnownFileType = text.xcconfig; name = "Pods-NeteaseMusic CommentUITests.release.xcconfig"; path = "Target Support Files/Pods-NeteaseMusic CommentUITests/Pods-NeteaseMusic CommentUITests.release.xcconfig"; sourceTree = "<group>"; };
		6A4157C3F0A39F923E3AF001 /* Pods_NeteaseMusic_Comment.framework */ = {isa = PBXFileReference; explicitFileType = wrapper.framework; includeInIndex = 0; path = Pods_NeteaseMusic_Comment.framework; sourceTree = BUILT_PRODUCTS_DIR; };
		934C8F1AD5279EDDA6BAC6FD /* Pods-NeteaseMusic Comment-NeteaseMusic CommentUITests.debug.xcconfig */ = {isa = PBXFileReference; includeInIndex = 1; lastKnownFileType = text.xcconfig; name = "Pods-NeteaseMusic Comment-NeteaseMusic CommentUITests.debug.xcconfig"; path = "Target Support Files/Pods-NeteaseMusic Comment-NeteaseMusic CommentUITests/Pods-NeteaseMusic Comment-NeteaseMusic CommentUITests.debug.xcconfig"; sourceTree = "<group>"; };
		A1E9E85234EC92FA1F7A16C4 /* Pods-NeteaseMusic Comment-NeteaseMusic CommentUITests.release.xcconfig */ = {isa = PBXFileReference; includeInIndex = 1; lastKnownFileType = text.xcconfig; name = "Pods-NeteaseMusic Comment-NeteaseMusic CommentUITests.release.xcconfig"; path = "Target Support Files/Pods-NeteaseMusic Comment-NeteaseMusic CommentUITests/Pods-NeteaseMusic Comment-NeteaseMusic CommentUITests.release.xcconfig"; sourceTree = "<group>"; };
		A4F8EA519ADAD1A4165CE42F /* Pods-NeteaseMusic CommentUITests.debug.xcconfig */ = {isa = PBXFileReference; includeInIndex = 1; lastKnownFileType = text.xcconfig; name = "Pods-NeteaseMusic CommentUITests.debug.xcconfig"; path = "Target Support Files/Pods-NeteaseMusic CommentUITests/Pods-NeteaseMusic CommentUITests.debug.xcconfig"; sourceTree = "<group>"; };
		B99D8DD98EC441BCAFF8C9A3 /* Pods_NeteaseMusic_CommentUITests.framework */ = {isa = PBXFileReference; explicitFileType = wrapper.framework; includeInIndex = 0; path = Pods_NeteaseMusic_CommentUITests.framework; sourceTree = BUILT_PRODUCTS_DIR; };
		D5A51B5DBFB2546696A34B25 /* Pods-NeteaseMusic CommentTests.debug.xcconfig */ = {isa = PBXFileReference; includeInIndex = 1; lastKnownFileType = text.xcconfig; name = "Pods-NeteaseMusic CommentTests.debug.xcconfig"; path = "Target Support Files/Pods-NeteaseMusic CommentTests/Pods-NeteaseMusic CommentTests.debug.xcconfig"; sourceTree = "<group>"; };
/* End PBXFileReference section */

/* Begin PBXFrameworksBuildPhase section */
		54FEEFDD24ADCE2D00ED97F4 /* Frameworks */ = {
			isa = PBXFrameworksBuildPhase;
			buildActionMask = 2147483647;
			files = (
				25AE4B236A933F06607F7C68 /* Pods_NeteaseMusic_Comment.framework in Frameworks */,
			);
			runOnlyForDeploymentPostprocessing = 0;
		};
		54FEEFF624ADCE2E00ED97F4 /* Frameworks */ = {
			isa = PBXFrameworksBuildPhase;
			buildActionMask = 2147483647;
			files = (
				BF407ABC8D7DBB84510C44E0 /* Pods_NeteaseMusic_CommentTests.framework in Frameworks */,
			);
			runOnlyForDeploymentPostprocessing = 0;
		};
		54FEF00124ADCE2E00ED97F4 /* Frameworks */ = {
			isa = PBXFrameworksBuildPhase;
			buildActionMask = 2147483647;
			files = (
				C81C1AAE21EBC542E20BBAAA /* Pods_NeteaseMusic_CommentUITests.framework in Frameworks */,
			);
			runOnlyForDeploymentPostprocessing = 0;
		};
/* End PBXFrameworksBuildPhase section */

/* Begin PBXGroup section */
		08E1FD1DA08684EBE3F34110 /* Pods */ = {
			isa = PBXGroup;
			children = (
				1A33D495A8A83A78BB851919 /* Pods-NeteaseMusic Comment.debug.xcconfig */,
				383905E7C1EC10B5B35A7C26 /* Pods-NeteaseMusic Comment.release.xcconfig */,
				934C8F1AD5279EDDA6BAC6FD /* Pods-NeteaseMusic Comment-NeteaseMusic CommentUITests.debug.xcconfig */,
				A1E9E85234EC92FA1F7A16C4 /* Pods-NeteaseMusic Comment-NeteaseMusic CommentUITests.release.xcconfig */,
				D5A51B5DBFB2546696A34B25 /* Pods-NeteaseMusic CommentTests.debug.xcconfig */,
				3B5A4FFC437FDC3461D309E1 /* Pods-NeteaseMusic CommentTests.release.xcconfig */,
				A4F8EA519ADAD1A4165CE42F /* Pods-NeteaseMusic CommentUITests.debug.xcconfig */,
				59BF947A65614C3B03A482DF /* Pods-NeteaseMusic CommentUITests.release.xcconfig */,
			);
			path = Pods;
			sourceTree = "<group>";
		};
		54FEEFD724ADCE2D00ED97F4 = {
			isa = PBXGroup;
			children = (
				54FEEFE224ADCE2D00ED97F4 /* NeteaseMusic Comment */,
				54FEEFFC24ADCE2E00ED97F4 /* NeteaseMusic CommentTests */,
				54FEF00724ADCE2E00ED97F4 /* NeteaseMusic CommentUITests */,
				54FEEFE124ADCE2D00ED97F4 /* Products */,
				08E1FD1DA08684EBE3F34110 /* Pods */,
				CF599BC5A9E8AB510A32ACFE /* Frameworks */,
			);
			sourceTree = "<group>";
		};
		54FEEFE124ADCE2D00ED97F4 /* Products */ = {
			isa = PBXGroup;
			children = (
				54FEEFE024ADCE2D00ED97F4 /* NeteaseMusic Comment.app */,
				54FEEFF924ADCE2E00ED97F4 /* NeteaseMusic CommentTests.xctest */,
				54FEF00424ADCE2E00ED97F4 /* NeteaseMusic CommentUITests.xctest */,
			);
			name = Products;
			sourceTree = "<group>";
		};
		54FEEFE224ADCE2D00ED97F4 /* NeteaseMusic Comment */ = {
			isa = PBXGroup;
			children = (
				54FEEFE324ADCE2D00ED97F4 /* AppDelegate.swift */,
				54FEF01C24ADD58C00ED97F4 /* HomePage */,
				54FEEFEF24ADCE2E00ED97F4 /* Assets.xcassets */,
				54FEEFF424ADCE2E00ED97F4 /* Info.plist */,
				54FEF01824ADCF0700ED97F4 /* Launch Screen.storyboard */,
				54FEEFEC24ADCE2D00ED97F4 /* NeteaseMusic_Comment.xcdatamodeld */,
			);
			path = "NeteaseMusic Comment";
			sourceTree = "<group>";
		};
		54FEEFFC24ADCE2E00ED97F4 /* NeteaseMusic CommentTests */ = {
			isa = PBXGroup;
			children = (
				54FEEFFD24ADCE2E00ED97F4 /* NeteaseMusic_CommentTests.swift */,
				54FEEFFF24ADCE2E00ED97F4 /* Info.plist */,
			);
			path = "NeteaseMusic CommentTests";
			sourceTree = "<group>";
		};
		54FEF00724ADCE2E00ED97F4 /* NeteaseMusic CommentUITests */ = {
			isa = PBXGroup;
			children = (
				54FEF00824ADCE2E00ED97F4 /* NeteaseMusic_CommentUITests.swift */,
				54FEF00A24ADCE2E00ED97F4 /* Info.plist */,
			);
			path = "NeteaseMusic CommentUITests";
			sourceTree = "<group>";
		};
		54FEF01C24ADD58C00ED97F4 /* HomePage */ = {
			isa = PBXGroup;
			children = (
				54FEF01F24ADD5AA00ED97F4 /* Model */,
				54FEF01E24ADD5A200ED97F4 /* View */,
				54FEF01D24ADD59800ED97F4 /* Controller */,
			);
			path = HomePage;
			sourceTree = "<group>";
		};
		54FEF01D24ADD59800ED97F4 /* Controller */ = {
			isa = PBXGroup;
			children = (
				54FEF01624ADCE5E00ED97F4 /* HomeViewController.swift */,
			);
			path = Controller;
			sourceTree = "<group>";
		};
		54FEF01E24ADD5A200ED97F4 /* View */ = {
			isa = PBXGroup;
			children = (
				54FEF01A24ADD21A00ED97F4 /* HomeView.swift */,
			);
			path = View;
			sourceTree = "<group>";
		};
		54FEF01F24ADD5AA00ED97F4 /* Model */ = {
			isa = PBXGroup;
			children = (
			);
			path = Model;
			sourceTree = "<group>";
		};
		CF599BC5A9E8AB510A32ACFE /* Frameworks */ = {
			isa = PBXGroup;
			children = (
				6A4157C3F0A39F923E3AF001 /* Pods_NeteaseMusic_Comment.framework */,
				2564056C270DEB8BAF111509 /* Pods_NeteaseMusic_CommentTests.framework */,
				B99D8DD98EC441BCAFF8C9A3 /* Pods_NeteaseMusic_CommentUITests.framework */,
			);
			name = Frameworks;
			sourceTree = "<group>";
		};
/* End PBXGroup section */

/* Begin PBXNativeTarget section */
		54FEEFDF24ADCE2D00ED97F4 /* NeteaseMusic Comment */ = {
			isa = PBXNativeTarget;
			buildConfigurationList = 54FEF00D24ADCE2E00ED97F4 /* Build configuration list for PBXNativeTarget "NeteaseMusic Comment" */;
			buildPhases = (
				8C998905101A403452A5C71A /* [CP] Check Pods Manifest.lock */,
				54FEEFDC24ADCE2D00ED97F4 /* Sources */,
				54FEEFDD24ADCE2D00ED97F4 /* Frameworks */,
				54FEEFDE24ADCE2D00ED97F4 /* Resources */,
				B88BD9668F9E3A87C347B57D /* [CP] Embed Pods Frameworks */,
			);
			buildRules = (
			);
			dependencies = (
			);
			name = "NeteaseMusic Comment";
			productName = "NeteaseMusic Comment";
			productReference = 54FEEFE024ADCE2D00ED97F4 /* NeteaseMusic Comment.app */;
			productType = "com.apple.product-type.application";
		};
		54FEEFF824ADCE2E00ED97F4 /* NeteaseMusic CommentTests */ = {
			isa = PBXNativeTarget;
			buildConfigurationList = 54FEF01024ADCE2E00ED97F4 /* Build configuration list for PBXNativeTarget "NeteaseMusic CommentTests" */;
			buildPhases = (
				B600B9874B6D854D27EF00D8 /* [CP] Check Pods Manifest.lock */,
				54FEEFF524ADCE2E00ED97F4 /* Sources */,
				54FEEFF624ADCE2E00ED97F4 /* Frameworks */,
				54FEEFF724ADCE2E00ED97F4 /* Resources */,
			);
			buildRules = (
			);
			dependencies = (
				54FEEFFB24ADCE2E00ED97F4 /* PBXTargetDependency */,
			);
			name = "NeteaseMusic CommentTests";
			productName = "NeteaseMusic CommentTests";
			productReference = 54FEEFF924ADCE2E00ED97F4 /* NeteaseMusic CommentTests.xctest */;
			productType = "com.apple.product-type.bundle.unit-test";
		};
		54FEF00324ADCE2E00ED97F4 /* NeteaseMusic CommentUITests */ = {
			isa = PBXNativeTarget;
			buildConfigurationList = 54FEF01324ADCE2E00ED97F4 /* Build configuration list for PBXNativeTarget "NeteaseMusic CommentUITests" */;
			buildPhases = (
				4FC6F9C98394EE1CD431FE85 /* [CP] Check Pods Manifest.lock */,
				54FEF00024ADCE2E00ED97F4 /* Sources */,
				54FEF00124ADCE2E00ED97F4 /* Frameworks */,
				54FEF00224ADCE2E00ED97F4 /* Resources */,
			);
			buildRules = (
			);
			dependencies = (
				54FEF00624ADCE2E00ED97F4 /* PBXTargetDependency */,
			);
			name = "NeteaseMusic CommentUITests";
			productName = "NeteaseMusic CommentUITests";
			productReference = 54FEF00424ADCE2E00ED97F4 /* NeteaseMusic CommentUITests.xctest */;
			productType = "com.apple.product-type.bundle.ui-testing";
		};
/* End PBXNativeTarget section */

/* Begin PBXProject section */
		54FEEFD824ADCE2D00ED97F4 /* Project object */ = {
			isa = PBXProject;
			attributes = {
				LastSwiftUpdateCheck = 1150;
				LastUpgradeCheck = 1150;
				ORGANIZATIONNAME = "李京珂";
				TargetAttributes = {
					54FEEFDF24ADCE2D00ED97F4 = {
						CreatedOnToolsVersion = 11.5;
					};
					54FEEFF824ADCE2E00ED97F4 = {
						CreatedOnToolsVersion = 11.5;
						TestTargetID = 54FEEFDF24ADCE2D00ED97F4;
					};
					54FEF00324ADCE2E00ED97F4 = {
						CreatedOnToolsVersion = 11.5;
						TestTargetID = 54FEEFDF24ADCE2D00ED97F4;
					};
				};
			};
			buildConfigurationList = 54FEEFDB24ADCE2D00ED97F4 /* Build configuration list for PBXProject "NeteaseMusic Comment" */;
			compatibilityVersion = "Xcode 9.3";
			developmentRegion = en;
			hasScannedForEncodings = 0;
			knownRegions = (
				en,
				Base,
			);
			mainGroup = 54FEEFD724ADCE2D00ED97F4;
			productRefGroup = 54FEEFE124ADCE2D00ED97F4 /* Products */;
			projectDirPath = "";
			projectRoot = "";
			targets = (
				54FEEFDF24ADCE2D00ED97F4 /* NeteaseMusic Comment */,
				54FEEFF824ADCE2E00ED97F4 /* NeteaseMusic CommentTests */,
				54FEF00324ADCE2E00ED97F4 /* NeteaseMusic CommentUITests */,
			);
		};
/* End PBXProject section */

/* Begin PBXResourcesBuildPhase section */
		54FEEFDE24ADCE2D00ED97F4 /* Resources */ = {
			isa = PBXResourcesBuildPhase;
			buildActionMask = 2147483647;
			files = (
				54FEF01924ADCF0700ED97F4 /* Launch Screen.storyboard in Resources */,
				54FEEFF024ADCE2E00ED97F4 /* Assets.xcassets in Resources */,
			);
			runOnlyForDeploymentPostprocessing = 0;
		};
		54FEEFF724ADCE2E00ED97F4 /* Resources */ = {
			isa = PBXResourcesBuildPhase;
			buildActionMask = 2147483647;
			files = (
			);
			runOnlyForDeploymentPostprocessing = 0;
		};
		54FEF00224ADCE2E00ED97F4 /* Resources */ = {
			isa = PBXResourcesBuildPhase;
			buildActionMask = 2147483647;
			files = (
			);
			runOnlyForDeploymentPostprocessing = 0;
		};
/* End PBXResourcesBuildPhase section */

/* Begin PBXShellScriptBuildPhase section */
		4FC6F9C98394EE1CD431FE85 /* [CP] Check Pods Manifest.lock */ = {
			isa = PBXShellScriptBuildPhase;
			buildActionMask = 2147483647;
			files = (
			);
			inputFileListPaths = (
			);
			inputPaths = (
				"${PODS_PODFILE_DIR_PATH}/Podfile.lock",
				"${PODS_ROOT}/Manifest.lock",
			);
			name = "[CP] Check Pods Manifest.lock";
			outputFileListPaths = (
			);
			outputPaths = (
				"$(DERIVED_FILE_DIR)/Pods-NeteaseMusic CommentUITests-checkManifestLockResult.txt",
			);
			runOnlyForDeploymentPostprocessing = 0;
			shellPath = /bin/sh;
			shellScript = "diff \"${PODS_PODFILE_DIR_PATH}/Podfile.lock\" \"${PODS_ROOT}/Manifest.lock\" > /dev/null\nif [ $? != 0 ] ; then\n    # print error to STDERR\n    echo \"error: The sandbox is not in sync with the Podfile.lock. Run 'pod install' or update your CocoaPods installation.\" >&2\n    exit 1\nfi\n# This output is used by Xcode 'outputs' to avoid re-running this script phase.\necho \"SUCCESS\" > \"${SCRIPT_OUTPUT_FILE_0}\"\n";
			showEnvVarsInLog = 0;
		};
		8C998905101A403452A5C71A /* [CP] Check Pods Manifest.lock */ = {
			isa = PBXShellScriptBuildPhase;
			buildActionMask = 2147483647;
			files = (
			);
			inputFileListPaths = (
			);
			inputPaths = (
				"${PODS_PODFILE_DIR_PATH}/Podfile.lock",
				"${PODS_ROOT}/Manifest.lock",
			);
			name = "[CP] Check Pods Manifest.lock";
			outputFileListPaths = (
			);
			outputPaths = (
				"$(DERIVED_FILE_DIR)/Pods-NeteaseMusic Comment-checkManifestLockResult.txt",
			);
			runOnlyForDeploymentPostprocessing = 0;
			shellPath = /bin/sh;
			shellScript = "diff \"${PODS_PODFILE_DIR_PATH}/Podfile.lock\" \"${PODS_ROOT}/Manifest.lock\" > /dev/null\nif [ $? != 0 ] ; then\n    # print error to STDERR\n    echo \"error: The sandbox is not in sync with the Podfile.lock. Run 'pod install' or update your CocoaPods installation.\" >&2\n    exit 1\nfi\n# This output is used by Xcode 'outputs' to avoid re-running this script phase.\necho \"SUCCESS\" > \"${SCRIPT_OUTPUT_FILE_0}\"\n";
			showEnvVarsInLog = 0;
		};
		B600B9874B6D854D27EF00D8 /* [CP] Check Pods Manifest.lock */ = {
			isa = PBXShellScriptBuildPhase;
			buildActionMask = 2147483647;
			files = (
			);
			inputFileListPaths = (
			);
			inputPaths = (
				"${PODS_PODFILE_DIR_PATH}/Podfile.lock",
				"${PODS_ROOT}/Manifest.lock",
			);
			name = "[CP] Check Pods Manifest.lock";
			outputFileListPaths = (
			);
			outputPaths = (
				"$(DERIVED_FILE_DIR)/Pods-NeteaseMusic CommentTests-checkManifestLockResult.txt",
			);
			runOnlyForDeploymentPostprocessing = 0;
			shellPath = /bin/sh;
			shellScript = "diff \"${PODS_PODFILE_DIR_PATH}/Podfile.lock\" \"${PODS_ROOT}/Manifest.lock\" > /dev/null\nif [ $? != 0 ] ; then\n    # print error to STDERR\n    echo \"error: The sandbox is not in sync with the Podfile.lock. Run 'pod install' or update your CocoaPods installation.\" >&2\n    exit 1\nfi\n# This output is used by Xcode 'outputs' to avoid re-running this script phase.\necho \"SUCCESS\" > \"${SCRIPT_OUTPUT_FILE_0}\"\n";
			showEnvVarsInLog = 0;
		};
		B88BD9668F9E3A87C347B57D /* [CP] Embed Pods Frameworks */ = {
			isa = PBXShellScriptBuildPhase;
			buildActionMask = 2147483647;
			files = (
			);
			inputFileListPaths = (
				"${PODS_ROOT}/Target Support Files/Pods-NeteaseMusic Comment/Pods-NeteaseMusic Comment-frameworks-${CONFIGURATION}-input-files.xcfilelist",
			);
			name = "[CP] Embed Pods Frameworks";
			outputFileListPaths = (
				"${PODS_ROOT}/Target Support Files/Pods-NeteaseMusic Comment/Pods-NeteaseMusic Comment-frameworks-${CONFIGURATION}-output-files.xcfilelist",
			);
			runOnlyForDeploymentPostprocessing = 0;
			shellPath = /bin/sh;
			shellScript = "\"${PODS_ROOT}/Target Support Files/Pods-NeteaseMusic Comment/Pods-NeteaseMusic Comment-frameworks.sh\"\n";
			showEnvVarsInLog = 0;
		};
/* End PBXShellScriptBuildPhase section */

/* Begin PBXSourcesBuildPhase section */
		54FEEFDC24ADCE2D00ED97F4 /* Sources */ = {
			isa = PBXSourcesBuildPhase;
			buildActionMask = 2147483647;
			files = (
				54FEEFE424ADCE2D00ED97F4 /* AppDelegate.swift in Sources */,
				54FEF01B24ADD21A00ED97F4 /* HomeView.swift in Sources */,
				54FEEFEE24ADCE2D00ED97F4 /* NeteaseMusic_Comment.xcdatamodeld in Sources */,
				54FEF01724ADCE5E00ED97F4 /* HomeViewController.swift in Sources */,
			);
			runOnlyForDeploymentPostprocessing = 0;
		};
		54FEEFF524ADCE2E00ED97F4 /* Sources */ = {
			isa = PBXSourcesBuildPhase;
			buildActionMask = 2147483647;
			files = (
				54FEEFFE24ADCE2E00ED97F4 /* NeteaseMusic_CommentTests.swift in Sources */,
			);
			runOnlyForDeploymentPostprocessing = 0;
		};
		54FEF00024ADCE2E00ED97F4 /* Sources */ = {
			isa = PBXSourcesBuildPhase;
			buildActionMask = 2147483647;
			files = (
				54FEF00924ADCE2E00ED97F4 /* NeteaseMusic_CommentUITests.swift in Sources */,
			);
			runOnlyForDeploymentPostprocessing = 0;
		};
/* End PBXSourcesBuildPhase section */

/* Begin PBXTargetDependency section */
		54FEEFFB24ADCE2E00ED97F4 /* PBXTargetDependency */ = {
			isa = PBXTargetDependency;
			target = 54FEEFDF24ADCE2D00ED97F4 /* NeteaseMusic Comment */;
			targetProxy = 54FEEFFA24ADCE2E00ED97F4 /* PBXContainerItemProxy */;
		};
		54FEF00624ADCE2E00ED97F4 /* PBXTargetDependency */ = {
			isa = PBXTargetDependency;
			target = 54FEEFDF24ADCE2D00ED97F4 /* NeteaseMusic Comment */;
			targetProxy = 54FEF00524ADCE2E00ED97F4 /* PBXContainerItemProxy */;
		};
/* End PBXTargetDependency section */

/* Begin XCBuildConfiguration section */
		54FEF00B24ADCE2E00ED97F4 /* Debug */ = {
			isa = XCBuildConfiguration;
			buildSettings = {
				ALWAYS_SEARCH_USER_PATHS = NO;
				CLANG_ANALYZER_NONNULL = YES;
				CLANG_ANALYZER_NUMBER_OBJECT_CONVERSION = YES_AGGRESSIVE;
				CLANG_CXX_LANGUAGE_STANDARD = "gnu++14";
				CLANG_CXX_LIBRARY = "libc++";
				CLANG_ENABLE_MODULES = YES;
				CLANG_ENABLE_OBJC_ARC = YES;
				CLANG_ENABLE_OBJC_WEAK = YES;
				CLANG_WARN_BLOCK_CAPTURE_AUTORELEASING = YES;
				CLANG_WARN_BOOL_CONVERSION = YES;
				CLANG_WARN_COMMA = YES;
				CLANG_WARN_CONSTANT_CONVERSION = YES;
				CLANG_WARN_DEPRECATED_OBJC_IMPLEMENTATIONS = YES;
				CLANG_WARN_DIRECT_OBJC_ISA_USAGE = YES_ERROR;
				CLANG_WARN_DOCUMENTATION_COMMENTS = YES;
				CLANG_WARN_EMPTY_BODY = YES;
				CLANG_WARN_ENUM_CONVERSION = YES;
				CLANG_WARN_INFINITE_RECURSION = YES;
				CLANG_WARN_INT_CONVERSION = YES;
				CLANG_WARN_NON_LITERAL_NULL_CONVERSION = YES;
				CLANG_WARN_OBJC_IMPLICIT_RETAIN_SELF = YES;
				CLANG_WARN_OBJC_LITERAL_CONVERSION = YES;
				CLANG_WARN_OBJC_ROOT_CLASS = YES_ERROR;
				CLANG_WARN_RANGE_LOOP_ANALYSIS = YES;
				CLANG_WARN_STRICT_PROTOTYPES = YES;
				CLANG_WARN_SUSPICIOUS_MOVE = YES;
				CLANG_WARN_UNGUARDED_AVAILABILITY = YES_AGGRESSIVE;
				CLANG_WARN_UNREACHABLE_CODE = YES;
				CLANG_WARN__DUPLICATE_METHOD_MATCH = YES;
				COPY_PHASE_STRIP = NO;
				DEBUG_INFORMATION_FORMAT = dwarf;
				ENABLE_STRICT_OBJC_MSGSEND = YES;
				ENABLE_TESTABILITY = YES;
				GCC_C_LANGUAGE_STANDARD = gnu11;
				GCC_DYNAMIC_NO_PIC = NO;
				GCC_NO_COMMON_BLOCKS = YES;
				GCC_OPTIMIZATION_LEVEL = 0;
				GCC_PREPROCESSOR_DEFINITIONS = (
					"DEBUG=1",
					"$(inherited)",
				);
				GCC_WARN_64_TO_32_BIT_CONVERSION = YES;
				GCC_WARN_ABOUT_RETURN_TYPE = YES_ERROR;
				GCC_WARN_UNDECLARED_SELECTOR = YES;
				GCC_WARN_UNINITIALIZED_AUTOS = YES_AGGRESSIVE;
				GCC_WARN_UNUSED_FUNCTION = YES;
				GCC_WARN_UNUSED_VARIABLE = YES;
				IPHONEOS_DEPLOYMENT_TARGET = 13.5;
				MTL_ENABLE_DEBUG_INFO = INCLUDE_SOURCE;
				MTL_FAST_MATH = YES;
				ONLY_ACTIVE_ARCH = YES;
				SDKROOT = iphoneos;
				SWIFT_ACTIVE_COMPILATION_CONDITIONS = DEBUG;
				SWIFT_OPTIMIZATION_LEVEL = "-Onone";
			};
			name = Debug;
		};
		54FEF00C24ADCE2E00ED97F4 /* Release */ = {
			isa = XCBuildConfiguration;
			buildSettings = {
				ALWAYS_SEARCH_USER_PATHS = NO;
				CLANG_ANALYZER_NONNULL = YES;
				CLANG_ANALYZER_NUMBER_OBJECT_CONVERSION = YES_AGGRESSIVE;
				CLANG_CXX_LANGUAGE_STANDARD = "gnu++14";
				CLANG_CXX_LIBRARY = "libc++";
				CLANG_ENABLE_MODULES = YES;
				CLANG_ENABLE_OBJC_ARC = YES;
				CLANG_ENABLE_OBJC_WEAK = YES;
				CLANG_WARN_BLOCK_CAPTURE_AUTORELEASING = YES;
				CLANG_WARN_BOOL_CONVERSION = YES;
				CLANG_WARN_COMMA = YES;
				CLANG_WARN_CONSTANT_CONVERSION = YES;
				CLANG_WARN_DEPRECATED_OBJC_IMPLEMENTATIONS = YES;
				CLANG_WARN_DIRECT_OBJC_ISA_USAGE = YES_ERROR;
				CLANG_WARN_DOCUMENTATION_COMMENTS = YES;
				CLANG_WARN_EMPTY_BODY = YES;
				CLANG_WARN_ENUM_CONVERSION = YES;
				CLANG_WARN_INFINITE_RECURSION = YES;
				CLANG_WARN_INT_CONVERSION = YES;
				CLANG_WARN_NON_LITERAL_NULL_CONVERSION = YES;
				CLANG_WARN_OBJC_IMPLICIT_RETAIN_SELF = YES;
				CLANG_WARN_OBJC_LITERAL_CONVERSION = YES;
				CLANG_WARN_OBJC_ROOT_CLASS = YES_ERROR;
				CLANG_WARN_RANGE_LOOP_ANALYSIS = YES;
				CLANG_WARN_STRICT_PROTOTYPES = YES;
				CLANG_WARN_SUSPICIOUS_MOVE = YES;
				CLANG_WARN_UNGUARDED_AVAILABILITY = YES_AGGRESSIVE;
				CLANG_WARN_UNREACHABLE_CODE = YES;
				CLANG_WARN__DUPLICATE_METHOD_MATCH = YES;
				COPY_PHASE_STRIP = NO;
				DEBUG_INFORMATION_FORMAT = "dwarf-with-dsym";
				ENABLE_NS_ASSERTIONS = NO;
				ENABLE_STRICT_OBJC_MSGSEND = YES;
				GCC_C_LANGUAGE_STANDARD = gnu11;
				GCC_NO_COMMON_BLOCKS = YES;
				GCC_WARN_64_TO_32_BIT_CONVERSION = YES;
				GCC_WARN_ABOUT_RETURN_TYPE = YES_ERROR;
				GCC_WARN_UNDECLARED_SELECTOR = YES;
				GCC_WARN_UNINITIALIZED_AUTOS = YES_AGGRESSIVE;
				GCC_WARN_UNUSED_FUNCTION = YES;
				GCC_WARN_UNUSED_VARIABLE = YES;
				IPHONEOS_DEPLOYMENT_TARGET = 13.5;
				MTL_ENABLE_DEBUG_INFO = NO;
				MTL_FAST_MATH = YES;
				SDKROOT = iphoneos;
				SWIFT_COMPILATION_MODE = wholemodule;
				SWIFT_OPTIMIZATION_LEVEL = "-O";
				VALIDATE_PRODUCT = YES;
			};
			name = Release;
		};
		54FEF00E24ADCE2E00ED97F4 /* Debug */ = {
			isa = XCBuildConfiguration;
			baseConfigurationReference = 1A33D495A8A83A78BB851919 /* Pods-NeteaseMusic Comment.debug.xcconfig */;
			buildSettings = {
				ASSETCATALOG_COMPILER_APPICON_NAME = AppIcon;
				CODE_SIGN_STYLE = Automatic;
				DEVELOPMENT_TEAM = 3DBBG7HCTM;
				INFOPLIST_FILE = "NeteaseMusic Comment/Info.plist";
				LD_RUNPATH_SEARCH_PATHS = (
					"$(inherited)",
					"@executable_path/Frameworks",
				);
				PRODUCT_BUNDLE_IDENTIFIER = "com.lijingke.NeteaseMusic-Comment";
				PRODUCT_NAME = "$(TARGET_NAME)";
				SWIFT_VERSION = 5.0;
				TARGETED_DEVICE_FAMILY = "1,2";
			};
			name = Debug;
		};
		54FEF00F24ADCE2E00ED97F4 /* Release */ = {
			isa = XCBuildConfiguration;
			baseConfigurationReference = 383905E7C1EC10B5B35A7C26 /* Pods-NeteaseMusic Comment.release.xcconfig */;
			buildSettings = {
				ASSETCATALOG_COMPILER_APPICON_NAME = AppIcon;
				CODE_SIGN_STYLE = Automatic;
				DEVELOPMENT_TEAM = 3DBBG7HCTM;
				INFOPLIST_FILE = "NeteaseMusic Comment/Info.plist";
				LD_RUNPATH_SEARCH_PATHS = (
					"$(inherited)",
					"@executable_path/Frameworks",
				);
				PRODUCT_BUNDLE_IDENTIFIER = "com.lijingke.NeteaseMusic-Comment";
				PRODUCT_NAME = "$(TARGET_NAME)";
				SWIFT_VERSION = 5.0;
				TARGETED_DEVICE_FAMILY = "1,2";
			};
			name = Release;
		};
		54FEF01124ADCE2E00ED97F4 /* Debug */ = {
			isa = XCBuildConfiguration;
			baseConfigurationReference = D5A51B5DBFB2546696A34B25 /* Pods-NeteaseMusic CommentTests.debug.xcconfig */;
			buildSettings = {
				ALWAYS_EMBED_SWIFT_STANDARD_LIBRARIES = YES;
				BUNDLE_LOADER = "$(TEST_HOST)";
				CODE_SIGN_STYLE = Automatic;
				DEVELOPMENT_TEAM = 3DBBG7HCTM;
				INFOPLIST_FILE = "NeteaseMusic CommentTests/Info.plist";
				IPHONEOS_DEPLOYMENT_TARGET = 13.5;
				LD_RUNPATH_SEARCH_PATHS = (
					"$(inherited)",
					"@executable_path/Frameworks",
					"@loader_path/Frameworks",
				);
				PRODUCT_BUNDLE_IDENTIFIER = "com.lijingke.NeteaseMusic-CommentTests";
				PRODUCT_NAME = "$(TARGET_NAME)";
				SWIFT_VERSION = 5.0;
				TARGETED_DEVICE_FAMILY = "1,2";
				TEST_HOST = "$(BUILT_PRODUCTS_DIR)/NeteaseMusic Comment.app/NeteaseMusic Comment";
			};
			name = Debug;
		};
		54FEF01224ADCE2E00ED97F4 /* Release */ = {
			isa = XCBuildConfiguration;
			baseConfigurationReference = 3B5A4FFC437FDC3461D309E1 /* Pods-NeteaseMusic CommentTests.release.xcconfig */;
			buildSettings = {
				ALWAYS_EMBED_SWIFT_STANDARD_LIBRARIES = YES;
				BUNDLE_LOADER = "$(TEST_HOST)";
				CODE_SIGN_STYLE = Automatic;
				DEVELOPMENT_TEAM = 3DBBG7HCTM;
				INFOPLIST_FILE = "NeteaseMusic CommentTests/Info.plist";
				IPHONEOS_DEPLOYMENT_TARGET = 13.5;
				LD_RUNPATH_SEARCH_PATHS = (
					"$(inherited)",
					"@executable_path/Frameworks",
					"@loader_path/Frameworks",
				);
				PRODUCT_BUNDLE_IDENTIFIER = "com.lijingke.NeteaseMusic-CommentTests";
				PRODUCT_NAME = "$(TARGET_NAME)";
				SWIFT_VERSION = 5.0;
				TARGETED_DEVICE_FAMILY = "1,2";
				TEST_HOST = "$(BUILT_PRODUCTS_DIR)/NeteaseMusic Comment.app/NeteaseMusic Comment";
			};
			name = Release;
		};
		54FEF01424ADCE2E00ED97F4 /* Debug */ = {
			isa = XCBuildConfiguration;
			baseConfigurationReference = A4F8EA519ADAD1A4165CE42F /* Pods-NeteaseMusic CommentUITests.debug.xcconfig */;
			buildSettings = {
				ALWAYS_EMBED_SWIFT_STANDARD_LIBRARIES = YES;
				CODE_SIGN_STYLE = Automatic;
				DEVELOPMENT_TEAM = 3DBBG7HCTM;
				INFOPLIST_FILE = "NeteaseMusic CommentUITests/Info.plist";
				LD_RUNPATH_SEARCH_PATHS = (
					"$(inherited)",
					"@executable_path/Frameworks",
					"@loader_path/Frameworks",
				);
				PRODUCT_BUNDLE_IDENTIFIER = "com.lijingke.NeteaseMusic-CommentUITests";
				PRODUCT_NAME = "$(TARGET_NAME)";
				SWIFT_VERSION = 5.0;
				TARGETED_DEVICE_FAMILY = "1,2";
				TEST_TARGET_NAME = "NeteaseMusic Comment";
			};
			name = Debug;
		};
		54FEF01524ADCE2E00ED97F4 /* Release */ = {
			isa = XCBuildConfiguration;
			baseConfigurationReference = 59BF947A65614C3B03A482DF /* Pods-NeteaseMusic CommentUITests.release.xcconfig */;
			buildSettings = {
				ALWAYS_EMBED_SWIFT_STANDARD_LIBRARIES = YES;
				CODE_SIGN_STYLE = Automatic;
				DEVELOPMENT_TEAM = 3DBBG7HCTM;
				INFOPLIST_FILE = "NeteaseMusic CommentUITests/Info.plist";
				LD_RUNPATH_SEARCH_PATHS = (
					"$(inherited)",
					"@executable_path/Frameworks",
					"@loader_path/Frameworks",
				);
				PRODUCT_BUNDLE_IDENTIFIER = "com.lijingke.NeteaseMusic-CommentUITests";
				PRODUCT_NAME = "$(TARGET_NAME)";
				SWIFT_VERSION = 5.0;
				TARGETED_DEVICE_FAMILY = "1,2";
				TEST_TARGET_NAME = "NeteaseMusic Comment";
			};
			name = Release;
		};
/* End XCBuildConfiguration section */

/* Begin XCConfigurationList section */
		54FEEFDB24ADCE2D00ED97F4 /* Build configuration list for PBXProject "NeteaseMusic Comment" */ = {
			isa = XCConfigurationList;
			buildConfigurations = (
				54FEF00B24ADCE2E00ED97F4 /* Debug */,
				54FEF00C24ADCE2E00ED97F4 /* Release */,
			);
			defaultConfigurationIsVisible = 0;
			defaultConfigurationName = Release;
		};
		54FEF00D24ADCE2E00ED97F4 /* Build configuration list for PBXNativeTarget "NeteaseMusic Comment" */ = {
			isa = XCConfigurationList;
			buildConfigurations = (
				54FEF00E24ADCE2E00ED97F4 /* Debug */,
				54FEF00F24ADCE2E00ED97F4 /* Release */,
			);
			defaultConfigurationIsVisible = 0;
			defaultConfigurationName = Release;
		};
		54FEF01024ADCE2E00ED97F4 /* Build configuration list for PBXNativeTarget "NeteaseMusic CommentTests" */ = {
			isa = XCConfigurationList;
			buildConfigurations = (
				54FEF01124ADCE2E00ED97F4 /* Debug */,
				54FEF01224ADCE2E00ED97F4 /* Release */,
			);
			defaultConfigurationIsVisible = 0;
			defaultConfigurationName = Release;
		};
		54FEF01324ADCE2E00ED97F4 /* Build configuration list for PBXNativeTarget "NeteaseMusic CommentUITests" */ = {
			isa = XCConfigurationList;
			buildConfigurations = (
				54FEF01424ADCE2E00ED97F4 /* Debug */,
				54FEF01524ADCE2E00ED97F4 /* Release */,
			);
			defaultConfigurationIsVisible = 0;
			defaultConfigurationName = Release;
		};
/* End XCConfigurationList section */

/* Begin XCVersionGroup section */
		54FEEFEC24ADCE2D00ED97F4 /* NeteaseMusic_Comment.xcdatamodeld */ = {
			isa = XCVersionGroup;
			children = (
				54FEEFED24ADCE2D00ED97F4 /* NeteaseMusic_Comment.xcdatamodel */,
			);
			currentVersion = 54FEEFED24ADCE2D00ED97F4 /* NeteaseMusic_Comment.xcdatamodel */;
			path = NeteaseMusic_Comment.xcdatamodeld;
			sourceTree = "<group>";
			versionGroupType = wrapper.xcdatamodel;
		};
/* End XCVersionGroup section */
	};
	rootObject = 54FEEFD824ADCE2D00ED97F4 /* Project object */;
}
